
Microsoft Visual Studio Solution File, Format Version 12.00
# Visual Studio 15
VisualStudioVersion = 15.0.28307.902
MinimumVisualStudioVersion = 10.0.40219.1
Project("{E24C65DC-7377-472B-9ABA-BC803B73C61A}") = "trywebass", "trywebass\", "{6DB098B0-30E8-40C8-BB98-F99B179847B6}"
	ProjectSection(WebsiteProperties) = preProject
		TargetFrameworkMoniker = ".NETFramework,Version%3Dv4.6.1"
		Debug.AspNetCompiler.VirtualPath = "/localhost_3086"
		Debug.AspNetCompiler.PhysicalPath = "trywebass\"
		Debug.AspNetCompiler.TargetPath = "PrecompiledWeb\localhost_3086\"
		Debug.AspNetCompiler.Updateable = "true"
		Debug.AspNetCompiler.ForceOverwrite = "true"
		Debug.AspNetCompiler.FixedNames = "false"
		Debug.AspNetCompiler.Debug = "True"
		Release.AspNetCompiler.VirtualPath = "/localhost_3086"
		Release.AspNetCompiler.PhysicalPath = "trywebass\"
		Release.AspNetCompiler.TargetPath = "PrecompiledWeb\localhost_3086\"
		Release.AspNetCompiler.Updateable = "true"
		Release.AspNetCompiler.ForceOverwrite = "true"
		Release.AspNetCompiler.FixedNames = "false"
		Release.AspNetCompiler.Debug = "False"
		VWDPort = "3086"
		SlnRelativePath = "trywebass\"
		DefaultWebSiteLanguage = "Visual C#"
	EndProjectSection
EndProject
Global
	GlobalSection(SolutionConfigurationPlatforms) = preSolution
		Debug|Any CPU = Debug|Any CPU
	EndGlobalSection
	GlobalSection(ProjectConfigurationPlatforms) = postSolution
		{6DB098B0-30E8-40C8-BB98-F99B179847B6}.Debug|Any CPU.ActiveCfg = Debug|Any CPU
		{6DB098B0-30E8-40C8-BB98-F99B179847B6}.Debug|Any CPU.Build.0 = Debug|Any CPU
	EndGlobalSection
	GlobalSection(SolutionProperties) = preSolution
		HideSolutionNode = FALSE
	EndGlobalSection
	GlobalSection(ExtensibilityGlobals) = postSolution
		SolutionGuid = {6DA872EE-A416-4F92-9C00-CA66A902202B}
	EndGlobalSection
EndGlobal
